
Microsoft Visual Studio Solution File, Format Version 12.00
# Visual Studio Version 16
VisualStudioVersion = 16.0.31702.278
MinimumVisualStudioVersion = 10.0.40219.1
Project("{FAE04EC0-301F-11D3-BF4B-00C04F79EFBC}") = "Стихотворение", "Стихотворение\Стихотворение.csproj", "{ACF8D927-9433-48ED-9B64-0670FC45AAC1}"
EndProject
Global
	GlobalSection(SolutionConfigurationPlatforms) = preSolution
		Debug|Any CPU = Debug|Any CPU
		Release|Any CPU = Release|Any CPU
	EndGlobalSection
	GlobalSection(ProjectConfigurationPlatforms) = postSolution
		{ACF8D927-9433-48ED-9B64-0670FC45AAC1}.Debug|Any CPU.ActiveCfg = Debug|Any CPU
		{ACF8D927-9433-48ED-9B64-0670FC45AAC1}.Debug|Any CPU.Build.0 = Debug|Any CPU
		{ACF8D927-9433-48ED-9B64-0670FC45AAC1}.Release|Any CPU.ActiveCfg = Release|Any CPU
		{ACF8D927-9433-48ED-9B64-0670FC45AAC1}.Release|Any CPU.Build.0 = Release|Any CPU
	EndGlobalSection
	GlobalSection(SolutionProperties) = preSolution
		HideSolutionNode = FALSE
	EndGlobalSection
	GlobalSection(ExtensibilityGlobals) = postSolution
		SolutionGuid = {A904A24C-5F41-4FFF-9F70-EA412F5A301A}
	EndGlobalSection
EndGlobal
