
Microsoft Visual Studio Solution File, Format Version 12.00
# Visual Studio Version 16
VisualStudioVersion = 16.0.31729.503
MinimumVisualStudioVersion = 10.0.40219.1
Project("{FAE04EC0-301F-11D3-BF4B-00C04F79EFBC}") = "5.СтрокиИСимволы", "5.СтрокиИСимволы\5.СтрокиИСимволы.csproj", "{6E57FA73-5996-46C7-B51F-DED015BC2602}"
EndProject
Global
	GlobalSection(SolutionConfigurationPlatforms) = preSolution
		Debug|Any CPU = Debug|Any CPU
		Release|Any CPU = Release|Any CPU
	EndGlobalSection
	GlobalSection(ProjectConfigurationPlatforms) = postSolution
		{6E57FA73-5996-46C7-B51F-DED015BC2602}.Debug|Any CPU.ActiveCfg = Debug|Any CPU
		{6E57FA73-5996-46C7-B51F-DED015BC2602}.Debug|Any CPU.Build.0 = Debug|Any CPU
		{6E57FA73-5996-46C7-B51F-DED015BC2602}.Release|Any CPU.ActiveCfg = Release|Any CPU
		{6E57FA73-5996-46C7-B51F-DED015BC2602}.Release|Any CPU.Build.0 = Release|Any CPU
	EndGlobalSection
	GlobalSection(SolutionProperties) = preSolution
		HideSolutionNode = FALSE
	EndGlobalSection
	GlobalSection(ExtensibilityGlobals) = postSolution
		SolutionGuid = {EA9D5AF0-BD1C-4D81-A77D-A049B536EFBF}
	EndGlobalSection
EndGlobal
