
Microsoft Visual Studio Solution File, Format Version 12.00
# Visual Studio Version 16
VisualStudioVersion = 16.0.31702.278
MinimumVisualStudioVersion = 10.0.40219.1
Project("{FAE04EC0-301F-11D3-BF4B-00C04F79EFBC}") = "Стихотворение", "Стихотворение\Стихотворение.csproj", "{09CFF7CC-3A5A-451F-A6FE-794C77A751BA}"
EndProject
Global
	GlobalSection(SolutionConfigurationPlatforms) = preSolution
		Debug|Any CPU = Debug|Any CPU
		Release|Any CPU = Release|Any CPU
	EndGlobalSection
	GlobalSection(ProjectConfigurationPlatforms) = postSolution
		{09CFF7CC-3A5A-451F-A6FE-794C77A751BA}.Debug|Any CPU.ActiveCfg = Debug|Any CPU
		{09CFF7CC-3A5A-451F-A6FE-794C77A751BA}.Debug|Any CPU.Build.0 = Debug|Any CPU
		{09CFF7CC-3A5A-451F-A6FE-794C77A751BA}.Release|Any CPU.ActiveCfg = Release|Any CPU
		{09CFF7CC-3A5A-451F-A6FE-794C77A751BA}.Release|Any CPU.Build.0 = Release|Any CPU
	EndGlobalSection
	GlobalSection(SolutionProperties) = preSolution
		HideSolutionNode = FALSE
	EndGlobalSection
	GlobalSection(ExtensibilityGlobals) = postSolution
		SolutionGuid = {F8534909-FD79-4681-8D50-4D32BC485B49}
	EndGlobalSection
EndGlobal
